// !$*UTF8*$!
{
	archiveVersion = 1;
	classes = {
	};
	objectVersion = 51;
	objects = {

/* Begin PBXBuildFile section */
		B51E9A3D250FE6E6003FF155 /* AppDelegate.swift in Sources */ = {isa = PBXBuildFile; fileRef = B51E9A3C250FE6E6003FF155 /* AppDelegate.swift */; };
		B51E9A3F250FE6E6003FF155 /* SceneDelegate.swift in Sources */ = {isa = PBXBuildFile; fileRef = B51E9A3E250FE6E6003FF155 /* SceneDelegate.swift */; };
		B51E9A44250FE6E6003FF155 /* Main.storyboard in Resources */ = {isa = PBXBuildFile; fileRef = B51E9A42250FE6E6003FF155 /* Main.storyboard */; };
		B51E9A46250FE6EC003FF155 /* Assets.xcassets in Resources */ = {isa = PBXBuildFile; fileRef = B51E9A45250FE6EC003FF155 /* Assets.xcassets */; };
		B51E9A49250FE6EC003FF155 /* LaunchScreen.storyboard in Resources */ = {isa = PBXBuildFile; fileRef = B51E9A47250FE6EC003FF155 /* LaunchScreen.storyboard */; };
		B51E9A51250FE9C7003FF155 /* CharactersCollectionViewController.swift in Sources */ = {isa = PBXBuildFile; fileRef = B51E9A50250FE9C7003FF155 /* CharactersCollectionViewController.swift */; };
		B51E9A53250FF2D6003FF155 /* CharacterCollectionViewCell.swift in Sources */ = {isa = PBXBuildFile; fileRef = B51E9A52250FF2D6003FF155 /* CharacterCollectionViewCell.swift */; };
		B51E9A55251000AC003FF155 /* DetailViewController.swift in Sources */ = {isa = PBXBuildFile; fileRef = B51E9A54251000AC003FF155 /* DetailViewController.swift */; };
		B51E9A5725100199003FF155 /* Quote.swift in Sources */ = {isa = PBXBuildFile; fileRef = B51E9A5625100199003FF155 /* Quote.swift */; };
		B51E9A59251001A6003FF155 /* QuotesAPI.swift in Sources */ = {isa = PBXBuildFile; fileRef = B51E9A58251001A6003FF155 /* QuotesAPI.swift */; };
		B51E9A5B2510028A003FF155 /* Extensions.swift in Sources */ = {isa = PBXBuildFile; fileRef = B51E9A5A2510028A003FF155 /* Extensions.swift */; };
		FAE0FB2CC0F4BF1AA918AF29 /* Pods_SimpsonsApp.framework in Frameworks */ = {isa = PBXBuildFile; fileRef = C1182D453027229F3C6BA350 /* Pods_SimpsonsApp.framework */; };
/* End PBXBuildFile section */

/* Begin PBXFileReference section */
		98EACF3359610059C8A843DA /* Pods-SimpsonsApp.debug.xcconfig */ = {isa = PBXFileReference; includeInIndex = 1; lastKnownFileType = text.xcconfig; name = "Pods-SimpsonsApp.debug.xcconfig"; path = "Target Support Files/Pods-SimpsonsApp/Pods-SimpsonsApp.debug.xcconfig"; sourceTree = "<group>"; };
		A1C89FD3B0E3C89FF47CD3BD /* Pods-SimpsonsApp.release.xcconfig */ = {isa = PBXFileReference; includeInIndex = 1; lastKnownFileType = text.xcconfig; name = "Pods-SimpsonsApp.release.xcconfig"; path = "Target Support Files/Pods-SimpsonsApp/Pods-SimpsonsApp.release.xcconfig"; sourceTree = "<group>"; };
		B51E9A39250FE6E6003FF155 /* SimpsonsApp.app */ = {isa = PBXFileReference; explicitFileType = wrapper.application; includeInIndex = 0; path = SimpsonsApp.app; sourceTree = BUILT_PRODUCTS_DIR; };
		B51E9A3C250FE6E6003FF155 /* AppDelegate.swift */ = {isa = PBXFileReference; lastKnownFileType = sourcecode.swift; path = AppDelegate.swift; sourceTree = "<group>"; };
		B51E9A3E250FE6E6003FF155 /* SceneDelegate.swift */ = {isa = PBXFileReference; lastKnownFileType = sourcecode.swift; path = SceneDelegate.swift; sourceTree = "<group>"; };
		B51E9A43250FE6E6003FF155 /* Base */ = {isa = PBXFileReference; lastKnownFileType = file.storyboard; name = Base; path = Base.lproj/Main.storyboard; sourceTree = "<group>"; };
		B51E9A45250FE6EC003FF155 /* Assets.xcassets */ = {isa = PBXFileReference; lastKnownFileType = folder.assetcatalog; path = Assets.xcassets; sourceTree = "<group>"; };
		B51E9A48250FE6EC003FF155 /* Base */ = {isa = PBXFileReference; lastKnownFileType = file.storyboard; name = Base; path = Base.lproj/LaunchScreen.storyboard; sourceTree = "<group>"; };
		B51E9A4A250FE6EC003FF155 /* Info.plist */ = {isa = PBXFileReference; lastKnownFileType = text.plist.xml; path = Info.plist; sourceTree = "<group>"; };
		B51E9A50250FE9C7003FF155 /* CharactersCollectionViewController.swift */ = {isa = PBXFileReference; lastKnownFileType = sourcecode.swift; path = CharactersCollectionViewController.swift; sourceTree = "<group>"; };
		B51E9A52250FF2D6003FF155 /* CharacterCollectionViewCell.swift */ = {isa = PBXFileReference; lastKnownFileType = sourcecode.swift; path = CharacterCollectionViewCell.swift; sourceTree = "<group>"; };
		B51E9A54251000AC003FF155 /* DetailViewController.swift */ = {isa = PBXFileReference; lastKnownFileType = sourcecode.swift; path = DetailViewController.swift; sourceTree = "<group>"; };
		B51E9A5625100199003FF155 /* Quote.swift */ = {isa = PBXFileReference; lastKnownFileType = sourcecode.swift; path = Quote.swift; sourceTree = "<group>"; };
		B51E9A58251001A6003FF155 /* QuotesAPI.swift */ = {isa = PBXFileReference; lastKnownFileType = sourcecode.swift; path = QuotesAPI.swift; sourceTree = "<group>"; };
		B51E9A5A2510028A003FF155 /* Extensions.swift */ = {isa = PBXFileReference; lastKnownFileType = sourcecode.swift; path = Extensions.swift; sourceTree = "<group>"; };
		C1182D453027229F3C6BA350 /* Pods_SimpsonsApp.framework */ = {isa = PBXFileReference; explicitFileType = wrapper.framework; includeInIndex = 0; path = Pods_SimpsonsApp.framework; sourceTree = BUILT_PRODUCTS_DIR; };
/* End PBXFileReference section */

/* Begin PBXFrameworksBuildPhase section */
		B51E9A36250FE6E6003FF155 /* Frameworks */ = {
			isa = PBXFrameworksBuildPhase;
			buildActionMask = 2147483647;
			files = (
				FAE0FB2CC0F4BF1AA918AF29 /* Pods_SimpsonsApp.framework in Frameworks */,
			);
			runOnlyForDeploymentPostprocessing = 0;
		};
/* End PBXFrameworksBuildPhase section */

/* Begin PBXGroup section */
		72F29CE40763C424BE5A0AFA /* Pods */ = {
			isa = PBXGroup;
			children = (
				98EACF3359610059C8A843DA /* Pods-SimpsonsApp.debug.xcconfig */,
				A1C89FD3B0E3C89FF47CD3BD /* Pods-SimpsonsApp.release.xcconfig */,
			);
			path = Pods;
			sourceTree = "<group>";
		};
		8D0DFFB0501611F10670CBC3 /* Frameworks */ = {
			isa = PBXGroup;
			children = (
				C1182D453027229F3C6BA350 /* Pods_SimpsonsApp.framework */,
			);
			name = Frameworks;
			sourceTree = "<group>";
		};
		B51E9A30250FE6E6003FF155 = {
			isa = PBXGroup;
			children = (
				B51E9A3B250FE6E6003FF155 /* SimpsonsApp */,
				B51E9A3A250FE6E6003FF155 /* Products */,
				72F29CE40763C424BE5A0AFA /* Pods */,
				8D0DFFB0501611F10670CBC3 /* Frameworks */,
			);
			sourceTree = "<group>";
		};
		B51E9A3A250FE6E6003FF155 /* Products */ = {
			isa = PBXGroup;
			children = (
				B51E9A39250FE6E6003FF155 /* SimpsonsApp.app */,
			);
			name = Products;
			sourceTree = "<group>";
		};
		B51E9A3B250FE6E6003FF155 /* SimpsonsApp */ = {
			isa = PBXGroup;
			children = (
				B51E9A3C250FE6E6003FF155 /* AppDelegate.swift */,
				B51E9A3E250FE6E6003FF155 /* SceneDelegate.swift */,
				B51E9A42250FE6E6003FF155 /* Main.storyboard */,
				B51E9A45250FE6EC003FF155 /* Assets.xcassets */,
				B51E9A47250FE6EC003FF155 /* LaunchScreen.storyboard */,
				B51E9A4A250FE6EC003FF155 /* Info.plist */,
				B51E9A50250FE9C7003FF155 /* CharactersCollectionViewController.swift */,
				B51E9A52250FF2D6003FF155 /* CharacterCollectionViewCell.swift */,
				B51E9A54251000AC003FF155 /* DetailViewController.swift */,
				B51E9A5625100199003FF155 /* Quote.swift */,
				B51E9A58251001A6003FF155 /* QuotesAPI.swift */,
				B51E9A5A2510028A003FF155 /* Extensions.swift */,
			);
			path = SimpsonsApp;
			sourceTree = "<group>";
		};
/* End PBXGroup section */

/* Begin PBXNativeTarget section */
		B51E9A38250FE6E6003FF155 /* SimpsonsApp */ = {
			isa = PBXNativeTarget;
			buildConfigurationList = B51E9A4D250FE6EC003FF155 /* Build configuration list for PBXNativeTarget "SimpsonsApp" */;
			buildPhases = (
				C388FF6A54CC9A67D56D7774 /* [CP] Check Pods Manifest.lock */,
				B51E9A35250FE6E6003FF155 /* Sources */,
				B51E9A36250FE6E6003FF155 /* Frameworks */,
				B51E9A37250FE6E6003FF155 /* Resources */,
				3B902C60ED0B24822A974399 /* [CP] Embed Pods Frameworks */,
			);
			buildRules = (
			);
			dependencies = (
			);
			name = SimpsonsApp;
			productName = SimpsonsApp;
			productReference = B51E9A39250FE6E6003FF155 /* SimpsonsApp.app */;
			productType = "com.apple.product-type.application";
		};
/* End PBXNativeTarget section */

/* Begin PBXProject section */
		B51E9A31250FE6E6003FF155 /* Project object */ = {
			isa = PBXProject;
			attributes = {
				LastSwiftUpdateCheck = 1170;
				LastUpgradeCheck = 1170;
				ORGANIZATIONNAME = GEM;
				TargetAttributes = {
					B51E9A38250FE6E6003FF155 = {
						CreatedOnToolsVersion = 11.7;
					};
				};
			};
			buildConfigurationList = B51E9A34250FE6E6003FF155 /* Build configuration list for PBXProject "SimpsonsApp" */;
			compatibilityVersion = "Xcode 9.3";
			developmentRegion = en;
			hasScannedForEncodings = 0;
			knownRegions = (
				en,
				Base,
			);
			mainGroup = B51E9A30250FE6E6003FF155;
			productRefGroup = B51E9A3A250FE6E6003FF155 /* Products */;
			projectDirPath = "";
			projectRoot = "";
			targets = (
				B51E9A38250FE6E6003FF155 /* SimpsonsApp */,
			);
		};
/* End PBXProject section */

/* Begin PBXResourcesBuildPhase section */
		B51E9A37250FE6E6003FF155 /* Resources */ = {
			isa = PBXResourcesBuildPhase;
			buildActionMask = 2147483647;
			files = (
				B51E9A49250FE6EC003FF155 /* LaunchScreen.storyboard in Resources */,
				B51E9A46250FE6EC003FF155 /* Assets.xcassets in Resources */,
				B51E9A44250FE6E6003FF155 /* Main.storyboard in Resources */,
			);
			runOnlyForDeploymentPostprocessing = 0;
		};
/* End PBXResourcesBuildPhase section */

/* Begin PBXShellScriptBuildPhase section */
		3B902C60ED0B24822A974399 /* [CP] Embed Pods Frameworks */ = {
			isa = PBXShellScriptBuildPhase;
			buildActionMask = 2147483647;
			files = (
			);
			inputFileListPaths = (
				"${PODS_ROOT}/Target Support Files/Pods-SimpsonsApp/Pods-SimpsonsApp-frameworks-${CONFIGURATION}-input-files.xcfilelist",
			);
			name = "[CP] Embed Pods Frameworks";
			outputFileListPaths = (
				"${PODS_ROOT}/Target Support Files/Pods-SimpsonsApp/Pods-SimpsonsApp-frameworks-${CONFIGURATION}-output-files.xcfilelist",
			);
			runOnlyForDeploymentPostprocessing = 0;
			shellPath = /bin/sh;
			shellScript = "\"${PODS_ROOT}/Target Support Files/Pods-SimpsonsApp/Pods-SimpsonsApp-frameworks.sh\"\n";
			showEnvVarsInLog = 0;
		};
		C388FF6A54CC9A67D56D7774 /* [CP] Check Pods Manifest.lock */ = {
			isa = PBXShellScriptBuildPhase;
			buildActionMask = 2147483647;
			files = (
			);
			inputFileListPaths = (
			);
			inputPaths = (
				"${PODS_PODFILE_DIR_PATH}/Podfile.lock",
				"${PODS_ROOT}/Manifest.lock",
			);
			name = "[CP] Check Pods Manifest.lock";
			outputFileListPaths = (
			);
			outputPaths = (
				"$(DERIVED_FILE_DIR)/Pods-SimpsonsApp-checkManifestLockResult.txt",
			);
			runOnlyForDeploymentPostprocessing = 0;
			shellPath = /bin/sh;
			shellScript = "diff \"${PODS_PODFILE_DIR_PATH}/Podfile.lock\" \"${PODS_ROOT}/Manifest.lock\" > /dev/null\nif [ $? != 0 ] ; then\n    # print error to STDERR\n    echo \"error: The sandbox is not in sync with the Podfile.lock. Run 'pod install' or update your CocoaPods installation.\" >&2\n    exit 1\nfi\n# This output is used by Xcode 'outputs' to avoid re-running this script phase.\necho \"SUCCESS\" > \"${SCRIPT_OUTPUT_FILE_0}\"\n";
			showEnvVarsInLog = 0;
		};
/* End PBXShellScriptBuildPhase section */

/* Begin PBXSourcesBuildPhase section */
		B51E9A35250FE6E6003FF155 /* Sources */ = {
			isa = PBXSourcesBuildPhase;
			buildActionMask = 2147483647;
			files = (
				B51E9A53250FF2D6003FF155 /* CharacterCollectionViewCell.swift in Sources */,
				B51E9A51250FE9C7003FF155 /* CharactersCollectionViewController.swift in Sources */,
				B51E9A55251000AC003FF155 /* DetailViewController.swift in Sources */,
				B51E9A5B2510028A003FF155 /* Extensions.swift in Sources */,
				B51E9A3D250FE6E6003FF155 /* AppDelegate.swift in Sources */,
				B51E9A59251001A6003FF155 /* QuotesAPI.swift in Sources */,
				B51E9A5725100199003FF155 /* Quote.swift in Sources */,
				B51E9A3F250FE6E6003FF155 /* SceneDelegate.swift in Sources */,
			);
			runOnlyForDeploymentPostprocessing = 0;
		};
/* End PBXSourcesBuildPhase section */

/* Begin PBXVariantGroup section */
		B51E9A42250FE6E6003FF155 /* Main.storyboard */ = {
			isa = PBXVariantGroup;
			children = (
				B51E9A43250FE6E6003FF155 /* Base */,
			);
			name = Main.storyboard;
			sourceTree = "<group>";
		};
		B51E9A47250FE6EC003FF155 /* LaunchScreen.storyboard */ = {
			isa = PBXVariantGroup;
			children = (
				B51E9A48250FE6EC003FF155 /* Base */,
			);
			name = LaunchScreen.storyboard;
			sourceTree = "<group>";
		};
/* End PBXVariantGroup section */

/* Begin XCBuildConfiguration section */
		B51E9A4B250FE6EC003FF155 /* Debug */ = {
			isa = XCBuildConfiguration;
			buildSettings = {
				ALWAYS_SEARCH_USER_PATHS = NO;
				CLANG_ANALYZER_NONNULL = YES;
				CLANG_ANALYZER_NUMBER_OBJECT_CONVERSION = YES_AGGRESSIVE;
				CLANG_CXX_LANGUAGE_STANDARD = "gnu++14";
				CLANG_CXX_LIBRARY = "libc++";
				CLANG_ENABLE_MODULES = YES;
				CLANG_ENABLE_OBJC_ARC = YES;
				CLANG_ENABLE_OBJC_WEAK = YES;
				CLANG_WARN_BLOCK_CAPTURE_AUTORELEASING = YES;
				CLANG_WARN_BOOL_CONVERSION = YES;
				CLANG_WARN_COMMA = YES;
				CLANG_WARN_CONSTANT_CONVERSION = YES;
				CLANG_WARN_DEPRECATED_OBJC_IMPLEMENTATIONS = YES;
				CLANG_WARN_DIRECT_OBJC_ISA_USAGE = YES_ERROR;
				CLANG_WARN_DOCUMENTATION_COMMENTS = YES;
				CLANG_WARN_EMPTY_BODY = YES;
				CLANG_WARN_ENUM_CONVERSION = YES;
				CLANG_WARN_INFINITE_RECURSION = YES;
				CLANG_WARN_INT_CONVERSION = YES;
				CLANG_WARN_NON_LITERAL_NULL_CONVERSION = YES;
				CLANG_WARN_OBJC_IMPLICIT_RETAIN_SELF = YES;
				CLANG_WARN_OBJC_LITERAL_CONVERSION = YES;
				CLANG_WARN_OBJC_ROOT_CLASS = YES_ERROR;
				CLANG_WARN_RANGE_LOOP_ANALYSIS = YES;
				CLANG_WARN_STRICT_PROTOTYPES = YES;
				CLANG_WARN_SUSPICIOUS_MOVE = YES;
				CLANG_WARN_UNGUARDED_AVAILABILITY = YES_AGGRESSIVE;
				CLANG_WARN_UNREACHABLE_CODE = YES;
				CLANG_WARN__DUPLICATE_METHOD_MATCH = YES;
				COPY_PHASE_STRIP = NO;
				DEBUG_INFORMATION_FORMAT = dwarf;
				ENABLE_STRICT_OBJC_MSGSEND = YES;
				ENABLE_TESTABILITY = YES;
				GCC_C_LANGUAGE_STANDARD = gnu11;
				GCC_DYNAMIC_NO_PIC = NO;
				GCC_NO_COMMON_BLOCKS = YES;
				GCC_OPTIMIZATION_LEVEL = 0;
				GCC_PREPROCESSOR_DEFINITIONS = (
					"DEBUG=1",
					"$(inherited)",
				);
				GCC_WARN_64_TO_32_BIT_CONVERSION = YES;
				GCC_WARN_ABOUT_RETURN_TYPE = YES_ERROR;
				GCC_WARN_UNDECLARED_SELECTOR = YES;
				GCC_WARN_UNINITIALIZED_AUTOS = YES_AGGRESSIVE;
				GCC_WARN_UNUSED_FUNCTION = YES;
				GCC_WARN_UNUSED_VARIABLE = YES;
				IPHONEOS_DEPLOYMENT_TARGET = 13.7;
				MTL_ENABLE_DEBUG_INFO = INCLUDE_SOURCE;
				MTL_FAST_MATH = YES;
				ONLY_ACTIVE_ARCH = YES;
				SDKROOT = iphoneos;
				SWIFT_ACTIVE_COMPILATION_CONDITIONS = DEBUG;
				SWIFT_OPTIMIZATION_LEVEL = "-Onone";
			};
			name = Debug;
		};
		B51E9A4C250FE6EC003FF155 /* Release */ = {
			isa = XCBuildConfiguration;
			buildSettings = {
				ALWAYS_SEARCH_USER_PATHS = NO;
				CLANG_ANALYZER_NONNULL = YES;
				CLANG_ANALYZER_NUMBER_OBJECT_CONVERSION = YES_AGGRESSIVE;
				CLANG_CXX_LANGUAGE_STANDARD = "gnu++14";
				CLANG_CXX_LIBRARY = "libc++";
				CLANG_ENABLE_MODULES = YES;
				CLANG_ENABLE_OBJC_ARC = YES;
				CLANG_ENABLE_OBJC_WEAK = YES;
				CLANG_WARN_BLOCK_CAPTURE_AUTORELEASING = YES;
				CLANG_WARN_BOOL_CONVERSION = YES;
				CLANG_WARN_COMMA = YES;
				CLANG_WARN_CONSTANT_CONVERSION = YES;
				CLANG_WARN_DEPRECATED_OBJC_IMPLEMENTATIONS = YES;
				CLANG_WARN_DIRECT_OBJC_ISA_USAGE = YES_ERROR;
				CLANG_WARN_DOCUMENTATION_COMMENTS = YES;
				CLANG_WARN_EMPTY_BODY = YES;
				CLANG_WARN_ENUM_CONVERSION = YES;
				CLANG_WARN_INFINITE_RECURSION = YES;
				CLANG_WARN_INT_CONVERSION = YES;
				CLANG_WARN_NON_LITERAL_NULL_CONVERSION = YES;
				CLANG_WARN_OBJC_IMPLICIT_RETAIN_SELF = YES;
				CLANG_WARN_OBJC_LITERAL_CONVERSION = YES;
				CLANG_WARN_OBJC_ROOT_CLASS = YES_ERROR;
				CLANG_WARN_RANGE_LOOP_ANALYSIS = YES;
				CLANG_WARN_STRICT_PROTOTYPES = YES;
				CLANG_WARN_SUSPICIOUS_MOVE = YES;
				CLANG_WARN_UNGUARDED_AVAILABILITY = YES_AGGRESSIVE;
				CLANG_WARN_UNREACHABLE_CODE = YES;
				CLANG_WARN__DUPLICATE_METHOD_MATCH = YES;
				COPY_PHASE_STRIP = NO;
				DEBUG_INFORMATION_FORMAT = "dwarf-with-dsym";
				ENABLE_NS_ASSERTIONS = NO;
				ENABLE_STRICT_OBJC_MSGSEND = YES;
				GCC_C_LANGUAGE_STANDARD = gnu11;
				GCC_NO_COMMON_BLOCKS = YES;
				GCC_WARN_64_TO_32_BIT_CONVERSION = YES;
				GCC_WARN_ABOUT_RETURN_TYPE = YES_ERROR;
				GCC_WARN_UNDECLARED_SELECTOR = YES;
				GCC_WARN_UNINITIALIZED_AUTOS = YES_AGGRESSIVE;
				GCC_WARN_UNUSED_FUNCTION = YES;
				GCC_WARN_UNUSED_VARIABLE = YES;
				IPHONEOS_DEPLOYMENT_TARGET = 13.7;
				MTL_ENABLE_DEBUG_INFO = NO;
				MTL_FAST_MATH = YES;
				SDKROOT = iphoneos;
				SWIFT_COMPILATION_MODE = wholemodule;
				SWIFT_OPTIMIZATION_LEVEL = "-O";
				VALIDATE_PRODUCT = YES;
			};
			name = Release;
		};
		B51E9A4E250FE6EC003FF155 /* Debug */ = {
			isa = XCBuildConfiguration;
			baseConfigurationReference = 98EACF3359610059C8A843DA /* Pods-SimpsonsApp.debug.xcconfig */;
			buildSettings = {
				ASSETCATALOG_COMPILER_APPICON_NAME = AppIcon;
				CODE_SIGN_STYLE = Automatic;
				DEVELOPMENT_TEAM = SEHP955C97;
				INFOPLIST_FILE = SimpsonsApp/Info.plist;
				IPHONEOS_DEPLOYMENT_TARGET = 13.7;
				LD_RUNPATH_SEARCH_PATHS = (
					"$(inherited)",
					"@executable_path/Frameworks",
				);
				PRODUCT_BUNDLE_IDENTIFIER = gem.SimpsonsApp;
				PRODUCT_NAME = "$(TARGET_NAME)";
				SWIFT_VERSION = 5.0;
				TARGETED_DEVICE_FAMILY = 1;
			};
			name = Debug;
		};
		B51E9A4F250FE6EC003FF155 /* Release */ = {
			isa = XCBuildConfiguration;
			baseConfigurationReference = A1C89FD3B0E3C89FF47CD3BD /* Pods-SimpsonsApp.release.xcconfig */;
			buildSettings = {
				ASSETCATALOG_COMPILER_APPICON_NAME = AppIcon;
				CODE_SIGN_STYLE = Automatic;
				DEVELOPMENT_TEAM = SEHP955C97;
				INFOPLIST_FILE = SimpsonsApp/Info.plist;
				IPHONEOS_DEPLOYMENT_TARGET = 13.7;
				LD_RUNPATH_SEARCH_PATHS = (
					"$(inherited)",
					"@executable_path/Frameworks",
				);
				PRODUCT_BUNDLE_IDENTIFIER = gem.SimpsonsApp;
				PRODUCT_NAME = "$(TARGET_NAME)";
				SWIFT_VERSION = 5.0;
				TARGETED_DEVICE_FAMILY = 1;
			};
			name = Release;
		};
/* End XCBuildConfiguration section */

/* Begin XCConfigurationList section */
		B51E9A34250FE6E6003FF155 /* Build configuration list for PBXProject "SimpsonsApp" */ = {
			isa = XCConfigurationList;
			buildConfigurations = (
				B51E9A4B250FE6EC003FF155 /* Debug */,
				B51E9A4C250FE6EC003FF155 /* Release */,
			);
			defaultConfigurationIsVisible = 0;
			defaultConfigurationName = Release;
		};
		B51E9A4D250FE6EC003FF155 /* Build configuration list for PBXNativeTarget "SimpsonsApp" */ = {
			isa = XCConfigurationList;
			buildConfigurations = (
				B51E9A4E250FE6EC003FF155 /* Debug */,
				B51E9A4F250FE6EC003FF155 /* Release */,
			);
			defaultConfigurationIsVisible = 0;
			defaultConfigurationName = Release;
		};
/* End XCConfigurationList section */
	};
	rootObject = B51E9A31250FE6E6003FF155 /* Project object */;
}
